{
  "originHash" : "2ca49fe3da9b65595cd975397f2b34dbb1d09f11d720e81b063ab5d5d8d954b5",
  "pins" : [
    {
      "identity" : "keychain-swift",
      "kind" : "remoteSourceControl",
      "location" : "https://github.com/evgenyneu/keychain-swift",
      "state" : {
        "revision" : "5e1b02b6a9dac2a759a1d5dbc175c86bd192a608",
        "version" : "24.0.0"
      }
    },
    {
      "identity" : "popupview",
      "kind" : "remoteSourceControl",
      "location" : "https://github.com/Mijick/PopupView",
      "state" : {
        "revision" : "60ebc93bbcf06d78b0123389e641c3a451c80f65",
        "version" : "2.7.1"
      }
    }
  ],
  "version" : 3
}
