{
  "originHash" : "3ebfc8997f2b1d89f9a79ff66bba6d2fd72582adefe36abedc649d1a24f6e81b",
  "pins" : [
    {
      "identity" : "keychain-swift",
      "kind" : "remoteSourceControl",
      "location" : "https://github.com/evgenyneu/keychain-swift",
      "state" : {
        "revision" : "5e1b02b6a9dac2a759a1d5dbc175c86bd192a608",
        "version" : "24.0.0"
      }
    },
    {
      "identity" : "popups",
      "kind" : "remoteSourceControl",
      "location" : "https://github.com/Mijick/Popups",
      "state" : {
        "revision" : "3aa55233eda7bbcbd98b52a6f63d5a7e1955189a",
        "version" : "4.0.5"
      }
    }
  ],
  "version" : 3
}
