{
  "originHash" : "d37a9494bf8ab83301f72ddd676bf51e91ebcc1a686e6fc029e6dd7839d6ca89",
  "pins" : [
    {
      "identity" : "filemanagerprotocol",
      "kind" : "remoteSourceControl",
      "location" : "https://github.com/Ryu0118/FileManagerProtocol.git",
      "state" : {
        "revision" : "64a9b362f9dcd933f6dad82603c2ab0ff23863fc",
        "version" : "0.1.0"
      }
    },
    {
      "identity" : "swift-argument-parser",
      "kind" : "remoteSourceControl",
      "location" : "https://github.com/apple/swift-argument-parser.git",
      "state" : {
        "revision" : "6a52f3251125d74daf04fcbd5e6f08a75d074382",
        "version" : "1.8.2"
      }
    },
    {
      "identity" : "swift-asn1",
      "kind" : "remoteSourceControl",
      "location" : "https://github.com/apple/swift-asn1.git",
      "state" : {
        "revision" : "a9a5efd40eaf558a2bcd48d64b1d1646be686008",
        "version" : "1.7.1"
      }
    },
    {
      "identity" : "swift-ast-lint",
      "kind" : "remoteSourceControl",
      "location" : "https://github.com/Ryu0118/swift-ast-lint.git",
      "state" : {
        "revision" : "549ef6f61884ada3e503c55cdfc50825b1bf8406",
        "version" : "0.3.1"
      }
    },
    {
      "identity" : "swift-async-operations",
      "kind" : "remoteSourceControl",
      "location" : "https://github.com/mtj0928/swift-async-operations.git",
      "state" : {
        "revision" : "5ee33ce3b4e59e6aa9b1dfe95f1623bd142efa7b",
        "version" : "0.5.0"
      }
    },
    {
      "identity" : "swift-crypto",
      "kind" : "remoteSourceControl",
      "location" : "https://github.com/apple/swift-crypto.git",
      "state" : {
        "revision" : "47d3869a7291f085c1fb9fb1e6d3b97a793f45c6",
        "version" : "4.5.1"
      }
    },
    {
      "identity" : "swift-log",
      "kind" : "remoteSourceControl",
      "location" : "https://github.com/apple/swift-log.git",
      "state" : {
        "revision" : "a878e7f8f46cfc0e1125e565b5c08e7d5272dc9a",
        "version" : "1.14.0"
      }
    },
    {
      "identity" : "swift-subprocess",
      "kind" : "remoteSourceControl",
      "location" : "https://github.com/swiftlang/swift-subprocess.git",
      "state" : {
        "revision" : "11633673a41f509f8945f23c96c7acd4adafd679",
        "version" : "0.5.0"
      }
    },
    {
      "identity" : "swift-syntax",
      "kind" : "remoteSourceControl",
      "location" : "https://github.com/swiftlang/swift-syntax.git",
      "state" : {
        "revision" : "79e4b74a295b6eb74a8b585e3a39d29e70c1dbd1",
        "version" : "603.0.2"
      }
    },
    {
      "identity" : "swift-system",
      "kind" : "remoteSourceControl",
      "location" : "https://github.com/apple/swift-system.git",
      "state" : {
        "revision" : "50688cacbd41d547e9eb9f7a213542340b7c442b",
        "version" : "1.7.5"
      }
    },
    {
      "identity" : "yams",
      "kind" : "remoteSourceControl",
      "location" : "https://github.com/jpsim/Yams.git",
      "state" : {
        "revision" : "a27b21e0c81c5bf42049b897a62aaf387e80f279",
        "version" : "6.2.2"
      }
    }
  ],
  "version" : 3
}
