// !$*UTF8*$!
{
	archiveVersion = 1;
	classes = {
	};
	objectVersion = 56;
	objects = {

/* Begin PBXBuildFile section */
		09890D7BB033D5000D5EFA66 /* Balance+Ext.swift in Sources */ = {isa = PBXBuildFile; fileRef = C9EF236DBA6E27BF588A0776 /* Balance+Ext.swift */; };
		0995B2382B1A8AA3208B6097 /* WalletViewModel.swift in Sources */ = {isa = PBXBuildFile; fileRef = AC34AC5B6A6EF5288E8B34DC /* WalletViewModel.swift */; };
		1BE5607DDD79FE6FA8A6B6F0 /* ImportWalletViewModel.swift in Sources */ = {isa = PBXBuildFile; fileRef = 048B2E5F01EEF26233C1161C /* ImportWalletViewModel.swift */; };
		2C3000E623FFF7A92EB7F02D /* ColorSchemeSelection+Ext.swift in Sources */ = {isa = PBXBuildFile; fileRef = 19224F788C8E6EEDE418212E /* ColorSchemeSelection+Ext.swift */; };
		382288EEB9734474498ED7EE /* KeyboardObserver.swift in Sources */ = {isa = PBXBuildFile; fileRef = 4F6A06235CFE0DBA125358F3 /* KeyboardObserver.swift */; };
		4998F4A296FA2217EC2BD80F /* WalletSettings.swift in Sources */ = {isa = PBXBuildFile; fileRef = 80049549984BDDA80E72D91C /* WalletSettings.swift */; };
		4B7D31B349728B3C573472DD /* Network+Ext.swift in Sources */ = {isa = PBXBuildFile; fileRef = 5398BBCAD30C0F26920CC75C /* Network+Ext.swift */; };
		50B3D54BE1FF7EAE394ACC68 /* SettingsView.swift in Sources */ = {isa = PBXBuildFile; fileRef = D546639077F0CA261D89D71C /* SettingsView.swift */; };
		52AEF2D14ADE7D9CDF81C276 /* RouteView.swift in Sources */ = {isa = PBXBuildFile; fileRef = 2B6032F09EA34DFDCB18090A /* RouteView.swift */; };
		6B2189B893A545A2F4E3107E /* WalletColor+Ext.swift in Sources */ = {isa = PBXBuildFile; fileRef = 5D722195526284FA0FD24DDE /* WalletColor+Ext.swift */; };
		AC07617D2C31A527007B4540 /* GlassCard.swift in Sources */ = {isa = PBXBuildFile; fileRef = AC07617C2C31A527007B4540 /* GlassCard.swift */; };
		AC07617F2C31BAA9007B4540 /* ListWalletsView.swift in Sources */ = {isa = PBXBuildFile; fileRef = AC07617E2C31BAA9007B4540 /* ListWalletsView.swift */; };
		AC0761812C32E3BA007B4540 /* SidebarView.swift in Sources */ = {isa = PBXBuildFile; fileRef = AC0761802C32E3BA007B4540 /* SidebarView.swift */; };
		AC1290312C4EE8A500E72ECF /* Result+Ext.swift in Sources */ = {isa = PBXBuildFile; fileRef = AC1290302C4EE8A500E72ECF /* Result+Ext.swift */; };
		AC1290332C4EF4EA00E72ECF /* PopupMiddleView.swift in Sources */ = {isa = PBXBuildFile; fileRef = AC1290322C4EF4EA00E72ECF /* PopupMiddleView.swift */; };
		AC269AE22C289F17005481A8 /* VerifyWordsView.swift in Sources */ = {isa = PBXBuildFile; fileRef = AC269AE12C289F17005481A8 /* VerifyWordsView.swift */; };
		AC2D59252C5B213500B67277 /* TransactionsListView.swift in Sources */ = {isa = PBXBuildFile; fileRef = AC2D59242C5B213500B67277 /* TransactionsListView.swift */; };
		AC595C732C32FE5300997733 /* SelectedWalletView.swift in Sources */ = {isa = PBXBuildFile; fileRef = AC595C722C32FE5300997733 /* SelectedWalletView.swift */; };
		AC7DAC9A2C5ACA2800F9DDDB /* String+Ext.swift in Sources */ = {isa = PBXBuildFile; fileRef = AC7DAC992C5ACA2800F9DDDB /* String+Ext.swift */; };
		AC8189542C4023F0004DCDF5 /* CustomCompletionView.swift in Sources */ = {isa = PBXBuildFile; fileRef = AC8189532C4023F0004DCDF5 /* CustomCompletionView.swift */; };
		AC8C1FAA2C49A4BC00158283 /* NodeSelectionView.swift in Sources */ = {isa = PBXBuildFile; fileRef = AC8C1FA92C49A4BC00158283 /* NodeSelectionView.swift */; };
		AC8C1FAC2C4D5D6600158283 /* NodeSelection+Ext.swift in Sources */ = {isa = PBXBuildFile; fileRef = AC8C1FAB2C4D5D6600158283 /* NodeSelection+Ext.swift */; };
		AC8C1FAF2C4E9E2C00158283 /* PopupView in Frameworks */ = {isa = PBXBuildFile; productRef = AC8C1FAE2C4E9E2C00158283 /* PopupView */; };
		AC8C1FB22C4E9E3800158283 /* ActivityIndicatorView in Frameworks */ = {isa = PBXBuildFile; productRef = AC8C1FB12C4E9E3800158283 /* ActivityIndicatorView */; };
		AC93DAE32C4572C3002E5AF2 /* NumberOfWords+Ext.swift in Sources */ = {isa = PBXBuildFile; fileRef = AC93DAE22C4572C3002E5AF2 /* NumberOfWords+Ext.swift */; };
		AC97D1EC2C287D4F00873092 /* CommonButtonStyles.swift in Sources */ = {isa = PBXBuildFile; fileRef = AC97D1EB2C287D4F00873092 /* CommonButtonStyles.swift */; };
		AC9AB5792C34956C00BAE3BE /* Logger.swift in Sources */ = {isa = PBXBuildFile; fileRef = AC9AB5782C34956C00BAE3BE /* Logger.swift */; };
		AC9FBEBD2C3F5C78005CB37A /* SettingsView2.swift in Sources */ = {isa = PBXBuildFile; fileRef = AC9FBEBC2C3F5C78005CB37A /* SettingsView2.swift */; };
		ACA4CBEC2C2328BE0008F63E /* Security.swift in Sources */ = {isa = PBXBuildFile; fileRef = ACA4CBEB2C2328BE0008F63E /* Security.swift */; };
		ACA4CBEF2C2365430008F63E /* KeychainSwift in Frameworks */ = {isa = PBXBuildFile; productRef = ACA4CBEE2C2365430008F63E /* KeychainSwift */; };
		ACB17FBD2C5ABDD20079A96A /* WalletBalanceHeaderView.swift in Sources */ = {isa = PBXBuildFile; fileRef = ACB17FBC2C5ABDD20079A96A /* WalletBalanceHeaderView.swift */; };
		ACC301652C207787006790DF /* NewWalletView.swift in Sources */ = {isa = PBXBuildFile; fileRef = ACC301642C207787006790DF /* NewWalletView.swift */; };
		ACC3016A2C20C9D4006790DF /* Routes+Ext.swift in Sources */ = {isa = PBXBuildFile; fileRef = ACC301692C20C9D4006790DF /* Routes+Ext.swift */; };
		ACC3016D2C210978006790DF /* NewHotWalletView.swift in Sources */ = {isa = PBXBuildFile; fileRef = ACC3016C2C210978006790DF /* NewHotWalletView.swift */; };
		ACC3016F2C2109A1006790DF /* NewColdWalletView.swift in Sources */ = {isa = PBXBuildFile; fileRef = ACC3016E2C2109A1006790DF /* NewColdWalletView.swift */; };
		ACC301712C2109C1006790DF /* NewWalletSelectView.swift in Sources */ = {isa = PBXBuildFile; fileRef = ACC301702C2109C1006790DF /* NewWalletSelectView.swift */; };
		ACC301742C211281006790DF /* HotWalletSelectView.swift in Sources */ = {isa = PBXBuildFile; fileRef = ACC301732C211281006790DF /* HotWalletSelectView.swift */; };
		ACC301762C21D698006790DF /* HotWalletCreateView.swift in Sources */ = {isa = PBXBuildFile; fileRef = ACC301752C21D698006790DF /* HotWalletCreateView.swift */; };
		ACC301782C21D6EA006790DF /* HotWalletImportView.swift in Sources */ = {isa = PBXBuildFile; fileRef = ACC301772C21D6EA006790DF /* HotWalletImportView.swift */; };
		ACC3017A2C221450006790DF /* PendingWalletViewModel.swift in Sources */ = {isa = PBXBuildFile; fileRef = ACC301792C221450006790DF /* PendingWalletViewModel.swift */; };
		ACC4D39A2C2CA6AD008E32A0 /* Cove.xcframework in Frameworks */ = {isa = PBXBuildFile; fileRef = D000B2EF2C0F7BAA00E32143 /* Cove.xcframework */; };
		ACC4D39B2C2CA6AD008E32A0 /* Cove.xcframework in Embed Frameworks */ = {isa = PBXBuildFile; fileRef = D000B2EF2C0F7BAA00E32143 /* Cove.xcframework */; settings = {ATTRIBUTES = (RemoveHeadersOnCopy, ); }; };
		ACCAAAAD2C29CABC00FA642E /* Trait+Ext.swift in Sources */ = {isa = PBXBuildFile; fileRef = ACCAAAAC2C29CABC00FA642E /* Trait+Ext.swift */; };
		ACCD58D42C5A89FC00CF06F9 /* AsyncPreview.swift in Sources */ = {isa = PBXBuildFile; fileRef = ACCD58D32C5A89FC00CF06F9 /* AsyncPreview.swift */; };
		ACF44D0D2C26131A008C5034 /* Color+Ext.swift in Sources */ = {isa = PBXBuildFile; fileRef = ACF44D0C2C26131A008C5034 /* Color+Ext.swift */; };
		ACF44D122C2642DD008C5034 /* SunsetWave.swift in Sources */ = {isa = PBXBuildFile; fileRef = ACF44D112C2642DD008C5034 /* SunsetWave.swift */; };
		ACF44D142C2857E9008C5034 /* FixedGlassCard.swift in Sources */ = {isa = PBXBuildFile; fileRef = ACF44D132C2857E9008C5034 /* FixedGlassCard.swift */; };
		ACF479F82C59D785008A9362 /* WeakReconciler.swift in Sources */ = {isa = PBXBuildFile; fileRef = ACF479F72C59D785008A9362 /* WeakReconciler.swift */; };
		ACF5B3492C2BA4BC00DDDEB9 /* Inject in Frameworks */ = {isa = PBXBuildFile; productRef = ACF5B3482C2BA4BC00DDDEB9 /* Inject */; };
		D000B2F22C0F7BB100E32143 /* Cove.swift in Sources */ = {isa = PBXBuildFile; fileRef = D000B2F12C0F7BB100E32143 /* Cove.swift */; };
		D0245F502C0F7B4E0042B447 /* CoveApp.swift in Sources */ = {isa = PBXBuildFile; fileRef = D0245F4F2C0F7B4E0042B447 /* CoveApp.swift */; };
		D0245F542C0F7B500042B447 /* Assets.xcassets in Resources */ = {isa = PBXBuildFile; fileRef = D0245F532C0F7B500042B447 /* Assets.xcassets */; };
		D0245F572C0F7B500042B447 /* Preview Assets.xcassets in Resources */ = {isa = PBXBuildFile; fileRef = D0245F562C0F7B500042B447 /* Preview Assets.xcassets */; };
		D0BE2EBE2C1614150055FCBE /* MainViewModel.swift in Sources */ = {isa = PBXBuildFile; fileRef = D0BE2EBD2C1614150055FCBE /* MainViewModel.swift */; };
/* End PBXBuildFile section */

/* Begin PBXCopyFilesBuildPhase section */
		ACC4D39C2C2CA6AD008E32A0 /* Embed Frameworks */ = {
			isa = PBXCopyFilesBuildPhase;
			buildActionMask = 2147483647;
			dstPath = "";
			dstSubfolderSpec = 10;
			files = (
				ACC4D39B2C2CA6AD008E32A0 /* Cove.xcframework in Embed Frameworks */,
			);
			name = "Embed Frameworks";
			runOnlyForDeploymentPostprocessing = 0;
		};
/* End PBXCopyFilesBuildPhase section */

/* Begin PBXFileReference section */
		048B2E5F01EEF26233C1161C /* ImportWalletViewModel.swift */ = {isa = PBXFileReference; includeInIndex = 1; lastKnownFileType = sourcecode.swift; path = ImportWalletViewModel.swift; sourceTree = "<group>"; };
		19224F788C8E6EEDE418212E /* ColorSchemeSelection+Ext.swift */ = {isa = PBXFileReference; includeInIndex = 1; lastKnownFileType = sourcecode.swift; path = "ColorSchemeSelection+Ext.swift"; sourceTree = "<group>"; };
		2B6032F09EA34DFDCB18090A /* RouteView.swift */ = {isa = PBXFileReference; includeInIndex = 1; lastKnownFileType = sourcecode.swift; path = RouteView.swift; sourceTree = "<group>"; };
		4F6A06235CFE0DBA125358F3 /* KeyboardObserver.swift */ = {isa = PBXFileReference; includeInIndex = 1; lastKnownFileType = sourcecode.swift; path = KeyboardObserver.swift; sourceTree = "<group>"; };
		5398BBCAD30C0F26920CC75C /* Network+Ext.swift */ = {isa = PBXFileReference; includeInIndex = 1; lastKnownFileType = sourcecode.swift; path = "Network+Ext.swift"; sourceTree = "<group>"; };
		5D722195526284FA0FD24DDE /* WalletColor+Ext.swift */ = {isa = PBXFileReference; includeInIndex = 1; lastKnownFileType = sourcecode.swift; path = "WalletColor+Ext.swift"; sourceTree = "<group>"; };
		80049549984BDDA80E72D91C /* WalletSettings.swift */ = {isa = PBXFileReference; includeInIndex = 1; lastKnownFileType = sourcecode.swift; path = WalletSettings.swift; sourceTree = "<group>"; };
		AC07617C2C31A527007B4540 /* GlassCard.swift */ = {isa = PBXFileReference; lastKnownFileType = sourcecode.swift; path = GlassCard.swift; sourceTree = "<group>"; };
		AC07617E2C31BAA9007B4540 /* ListWalletsView.swift */ = {isa = PBXFileReference; lastKnownFileType = sourcecode.swift; path = ListWalletsView.swift; sourceTree = "<group>"; };
		AC0761802C32E3BA007B4540 /* SidebarView.swift */ = {isa = PBXFileReference; lastKnownFileType = sourcecode.swift; path = SidebarView.swift; sourceTree = "<group>"; };
		AC1290302C4EE8A500E72ECF /* Result+Ext.swift */ = {isa = PBXFileReference; lastKnownFileType = sourcecode.swift; path = "Result+Ext.swift"; sourceTree = "<group>"; };
		AC1290322C4EF4EA00E72ECF /* PopupMiddleView.swift */ = {isa = PBXFileReference; lastKnownFileType = sourcecode.swift; path = PopupMiddleView.swift; sourceTree = "<group>"; };
		AC269AE12C289F17005481A8 /* VerifyWordsView.swift */ = {isa = PBXFileReference; lastKnownFileType = sourcecode.swift; path = VerifyWordsView.swift; sourceTree = "<group>"; };
		AC2D59242C5B213500B67277 /* TransactionsListView.swift */ = {isa = PBXFileReference; lastKnownFileType = sourcecode.swift; path = TransactionsListView.swift; sourceTree = "<group>"; };
		AC34AC5B6A6EF5288E8B34DC /* WalletViewModel.swift */ = {isa = PBXFileReference; includeInIndex = 1; lastKnownFileType = sourcecode.swift; path = WalletViewModel.swift; sourceTree = "<group>"; };
		AC595C722C32FE5300997733 /* SelectedWalletView.swift */ = {isa = PBXFileReference; lastKnownFileType = sourcecode.swift; path = SelectedWalletView.swift; sourceTree = "<group>"; };
		AC7DAC992C5ACA2800F9DDDB /* String+Ext.swift */ = {isa = PBXFileReference; lastKnownFileType = sourcecode.swift; path = "String+Ext.swift"; sourceTree = "<group>"; };
		AC8189532C4023F0004DCDF5 /* CustomCompletionView.swift */ = {isa = PBXFileReference; lastKnownFileType = sourcecode.swift; path = CustomCompletionView.swift; sourceTree = "<group>"; };
		AC8C1FA92C49A4BC00158283 /* NodeSelectionView.swift */ = {isa = PBXFileReference; lastKnownFileType = sourcecode.swift; path = NodeSelectionView.swift; sourceTree = "<group>"; };
		AC8C1FAB2C4D5D6600158283 /* NodeSelection+Ext.swift */ = {isa = PBXFileReference; lastKnownFileType = sourcecode.swift; path = "NodeSelection+Ext.swift"; sourceTree = "<group>"; };
		AC93DAE22C4572C3002E5AF2 /* NumberOfWords+Ext.swift */ = {isa = PBXFileReference; lastKnownFileType = sourcecode.swift; path = "NumberOfWords+Ext.swift"; sourceTree = "<group>"; };
		AC97D1EB2C287D4F00873092 /* CommonButtonStyles.swift */ = {isa = PBXFileReference; lastKnownFileType = sourcecode.swift; path = CommonButtonStyles.swift; sourceTree = "<group>"; };
		AC9AB5782C34956C00BAE3BE /* Logger.swift */ = {isa = PBXFileReference; lastKnownFileType = sourcecode.swift; path = Logger.swift; sourceTree = "<group>"; };
		AC9FBEBC2C3F5C78005CB37A /* SettingsView2.swift */ = {isa = PBXFileReference; lastKnownFileType = sourcecode.swift; path = SettingsView2.swift; sourceTree = "<group>"; };
		ACA4CBEB2C2328BE0008F63E /* Security.swift */ = {isa = PBXFileReference; lastKnownFileType = sourcecode.swift; path = Security.swift; sourceTree = "<group>"; };
		ACB17FBC2C5ABDD20079A96A /* WalletBalanceHeaderView.swift */ = {isa = PBXFileReference; lastKnownFileType = sourcecode.swift; path = WalletBalanceHeaderView.swift; sourceTree = "<group>"; };
		ACC301642C207787006790DF /* NewWalletView.swift */ = {isa = PBXFileReference; lastKnownFileType = sourcecode.swift; path = NewWalletView.swift; sourceTree = "<group>"; };
		ACC301692C20C9D4006790DF /* Routes+Ext.swift */ = {isa = PBXFileReference; lastKnownFileType = sourcecode.swift; path = "Routes+Ext.swift"; sourceTree = "<group>"; };
		ACC3016C2C210978006790DF /* NewHotWalletView.swift */ = {isa = PBXFileReference; lastKnownFileType = sourcecode.swift; path = NewHotWalletView.swift; sourceTree = "<group>"; };
		ACC3016E2C2109A1006790DF /* NewColdWalletView.swift */ = {isa = PBXFileReference; lastKnownFileType = sourcecode.swift; path = NewColdWalletView.swift; sourceTree = "<group>"; };
		ACC301702C2109C1006790DF /* NewWalletSelectView.swift */ = {isa = PBXFileReference; lastKnownFileType = sourcecode.swift; path = NewWalletSelectView.swift; sourceTree = "<group>"; };
		ACC301732C211281006790DF /* HotWalletSelectView.swift */ = {isa = PBXFileReference; lastKnownFileType = sourcecode.swift; path = HotWalletSelectView.swift; sourceTree = "<group>"; };
		ACC301752C21D698006790DF /* HotWalletCreateView.swift */ = {isa = PBXFileReference; lastKnownFileType = sourcecode.swift; path = HotWalletCreateView.swift; sourceTree = "<group>"; };
		ACC301772C21D6EA006790DF /* HotWalletImportView.swift */ = {isa = PBXFileReference; lastKnownFileType = sourcecode.swift; path = HotWalletImportView.swift; sourceTree = "<group>"; };
		ACC301792C221450006790DF /* PendingWalletViewModel.swift */ = {isa = PBXFileReference; lastKnownFileType = sourcecode.swift; path = PendingWalletViewModel.swift; sourceTree = "<group>"; };
		ACCAAAAC2C29CABC00FA642E /* Trait+Ext.swift */ = {isa = PBXFileReference; lastKnownFileType = sourcecode.swift; path = "Trait+Ext.swift"; sourceTree = "<group>"; };
		ACCD58D32C5A89FC00CF06F9 /* AsyncPreview.swift */ = {isa = PBXFileReference; lastKnownFileType = sourcecode.swift; path = AsyncPreview.swift; sourceTree = "<group>"; };
		ACF44D0C2C26131A008C5034 /* Color+Ext.swift */ = {isa = PBXFileReference; lastKnownFileType = sourcecode.swift; path = "Color+Ext.swift"; sourceTree = "<group>"; };
		ACF44D112C2642DD008C5034 /* SunsetWave.swift */ = {isa = PBXFileReference; fileEncoding = 4; lastKnownFileType = sourcecode.swift; path = SunsetWave.swift; sourceTree = "<group>"; };
		ACF44D132C2857E9008C5034 /* FixedGlassCard.swift */ = {isa = PBXFileReference; lastKnownFileType = sourcecode.swift; path = FixedGlassCard.swift; sourceTree = "<group>"; };
		ACF479F72C59D785008A9362 /* WeakReconciler.swift */ = {isa = PBXFileReference; lastKnownFileType = sourcecode.swift; path = WeakReconciler.swift; sourceTree = "<group>"; };
		C9EF236DBA6E27BF588A0776 /* Balance+Ext.swift */ = {isa = PBXFileReference; includeInIndex = 1; lastKnownFileType = sourcecode.swift; path = "Balance+Ext.swift"; sourceTree = "<group>"; };
		D000B2EF2C0F7BAA00E32143 /* Cove.xcframework */ = {isa = PBXFileReference; lastKnownFileType = wrapper.xcframework; name = Cove.xcframework; path = ../rust/ios/Cove.xcframework; sourceTree = "<group>"; };
		D000B2F12C0F7BB100E32143 /* Cove.swift */ = {isa = PBXFileReference; fileEncoding = 4; lastKnownFileType = sourcecode.swift; name = Cove.swift; path = ../../rust/ios/Cove/Cove.swift; sourceTree = "<group>"; };
		D0245F4C2C0F7B4E0042B447 /* Cove.app */ = {isa = PBXFileReference; explicitFileType = wrapper.application; includeInIndex = 0; path = Cove.app; sourceTree = BUILT_PRODUCTS_DIR; };
		D0245F4F2C0F7B4E0042B447 /* CoveApp.swift */ = {isa = PBXFileReference; lastKnownFileType = sourcecode.swift; path = CoveApp.swift; sourceTree = "<group>"; };
		D0245F532C0F7B500042B447 /* Assets.xcassets */ = {isa = PBXFileReference; lastKnownFileType = folder.assetcatalog; path = Assets.xcassets; sourceTree = "<group>"; };
		D0245F562C0F7B500042B447 /* Preview Assets.xcassets */ = {isa = PBXFileReference; lastKnownFileType = folder.assetcatalog; path = "Preview Assets.xcassets"; sourceTree = "<group>"; };
		D0BE2EBD2C1614150055FCBE /* MainViewModel.swift */ = {isa = PBXFileReference; lastKnownFileType = sourcecode.swift; path = MainViewModel.swift; sourceTree = "<group>"; };
		D546639077F0CA261D89D71C /* SettingsView.swift */ = {isa = PBXFileReference; includeInIndex = 1; lastKnownFileType = sourcecode.swift; path = SettingsView.swift; sourceTree = "<group>"; };
/* End PBXFileReference section */

/* Begin PBXFrameworksBuildPhase section */
		D0245F492C0F7B4E0042B447 /* Frameworks */ = {
			isa = PBXFrameworksBuildPhase;
			buildActionMask = 2147483647;
			files = (
				AC8C1FB22C4E9E3800158283 /* ActivityIndicatorView in Frameworks */,
				AC8C1FAF2C4E9E2C00158283 /* PopupView in Frameworks */,
				ACA4CBEF2C2365430008F63E /* KeychainSwift in Frameworks */,
				ACF5B3492C2BA4BC00DDDEB9 /* Inject in Frameworks */,
				ACC4D39A2C2CA6AD008E32A0 /* Cove.xcframework in Frameworks */,
			);
			runOnlyForDeploymentPostprocessing = 0;
		};
/* End PBXFrameworksBuildPhase section */

/* Begin PBXGroup section */
		AC97D1ED2C287FCE00873092 /* Styles */ = {
			isa = PBXGroup;
			children = (
				AC97D1EB2C287D4F00873092 /* CommonButtonStyles.swift */,
			);
			path = Styles;
			sourceTree = "<group>";
		};
		ACB17FBB2C5ABD6C0079A96A /* SelectedWallet */ = {
			isa = PBXGroup;
			children = (
				ACB17FBC2C5ABDD20079A96A /* WalletBalanceHeaderView.swift */,
				AC2D59242C5B213500B67277 /* TransactionsListView.swift */,
			);
			path = SelectedWallet;
			sourceTree = "<group>";
		};
		ACC301662C20C11D006790DF /* Extention */ = {
			isa = PBXGroup;
			children = (
				ACC301692C20C9D4006790DF /* Routes+Ext.swift */,
				ACF44D0C2C26131A008C5034 /* Color+Ext.swift */,
				ACCAAAAC2C29CABC00FA642E /* Trait+Ext.swift */,
				4F6A06235CFE0DBA125358F3 /* KeyboardObserver.swift */,
				5D722195526284FA0FD24DDE /* WalletColor+Ext.swift */,
				5398BBCAD30C0F26920CC75C /* Network+Ext.swift */,
				19224F788C8E6EEDE418212E /* ColorSchemeSelection+Ext.swift */,
				AC93DAE22C4572C3002E5AF2 /* NumberOfWords+Ext.swift */,
				AC8C1FAB2C4D5D6600158283 /* NodeSelection+Ext.swift */,
				AC1290302C4EE8A500E72ECF /* Result+Ext.swift */,
				C9EF236DBA6E27BF588A0776 /* Balance+Ext.swift */,
				AC7DAC992C5ACA2800F9DDDB /* String+Ext.swift */,
			);
			path = Extention;
			sourceTree = "<group>";
		};
		ACC3016B2C21095A006790DF /* NewWallet */ = {
			isa = PBXGroup;
			children = (
				ACC301642C207787006790DF /* NewWalletView.swift */,
				ACC301792C221450006790DF /* PendingWalletViewModel.swift */,
				ACC301722C21126C006790DF /* HotWallet */,
				ACC3016C2C210978006790DF /* NewHotWalletView.swift */,
				ACC3016E2C2109A1006790DF /* NewColdWalletView.swift */,
				ACC301702C2109C1006790DF /* NewWalletSelectView.swift */,
			);
			path = NewWallet;
			sourceTree = "<group>";
		};
		ACC301722C21126C006790DF /* HotWallet */ = {
			isa = PBXGroup;
			children = (
				AC269AE12C289F17005481A8 /* VerifyWordsView.swift */,
				ACC301732C211281006790DF /* HotWalletSelectView.swift */,
				ACC301752C21D698006790DF /* HotWalletCreateView.swift */,
				ACC301772C21D6EA006790DF /* HotWalletImportView.swift */,
			);
			path = HotWallet;
			sourceTree = "<group>";
		};
		ACF44D102C2642BA008C5034 /* Components */ = {
			isa = PBXGroup;
			children = (
				ACF44D112C2642DD008C5034 /* SunsetWave.swift */,
				ACF44D132C2857E9008C5034 /* FixedGlassCard.swift */,
				AC07617C2C31A527007B4540 /* GlassCard.swift */,
			);
			path = Components;
			sourceTree = "<group>";
		};
		ACF479F62C59D76E008A9362 /* FFI */ = {
			isa = PBXGroup;
			children = (
				ACF479F72C59D785008A9362 /* WeakReconciler.swift */,
			);
			path = FFI;
			sourceTree = "<group>";
		};
		D0245F432C0F7B4E0042B447 = {
			isa = PBXGroup;
			children = (
				AC9AB5782C34956C00BAE3BE /* Logger.swift */,
				D000B2EF2C0F7BAA00E32143 /* Cove.xcframework */,
				D0245F4E2C0F7B4E0042B447 /* Cove */,
				D0245F4D2C0F7B4E0042B447 /* Products */,
			);
			sourceTree = "<group>";
		};
		D0245F4D2C0F7B4E0042B447 /* Products */ = {
			isa = PBXGroup;
			children = (
				D0245F4C2C0F7B4E0042B447 /* Cove.app */,
			);
			name = Products;
			sourceTree = "<group>";
		};
		D0245F4E2C0F7B4E0042B447 /* Cove */ = {
			isa = PBXGroup;
			children = (
				ACF479F62C59D76E008A9362 /* FFI */,
				D000B2F12C0F7BB100E32143 /* Cove.swift */,
				AC97D1ED2C287FCE00873092 /* Styles */,
				ACF44D102C2642BA008C5034 /* Components */,
				ACC3016B2C21095A006790DF /* NewWallet */,
				ACB17FBB2C5ABD6C0079A96A /* SelectedWallet */,
				ACC301662C20C11D006790DF /* Extention */,
				D0245F4F2C0F7B4E0042B447 /* CoveApp.swift */,
				AC8C1FA92C49A4BC00158283 /* NodeSelectionView.swift */,
				AC1290322C4EF4EA00E72ECF /* PopupMiddleView.swift */,
				AC8189532C4023F0004DCDF5 /* CustomCompletionView.swift */,
				AC595C722C32FE5300997733 /* SelectedWalletView.swift */,
				D0BE2EBD2C1614150055FCBE /* MainViewModel.swift */,
				AC0761802C32E3BA007B4540 /* SidebarView.swift */,
				AC07617E2C31BAA9007B4540 /* ListWalletsView.swift */,
				ACA4CBEB2C2328BE0008F63E /* Security.swift */,
				D0245F532C0F7B500042B447 /* Assets.xcassets */,
				D0245F552C0F7B500042B447 /* Preview Content */,
				AC34AC5B6A6EF5288E8B34DC /* WalletViewModel.swift */,
				2B6032F09EA34DFDCB18090A /* RouteView.swift */,
				D546639077F0CA261D89D71C /* SettingsView.swift */,
				80049549984BDDA80E72D91C /* WalletSettings.swift */,
				AC9FBEBC2C3F5C78005CB37A /* SettingsView2.swift */,
				048B2E5F01EEF26233C1161C /* ImportWalletViewModel.swift */,
				ACCD58D32C5A89FC00CF06F9 /* AsyncPreview.swift */,
			);
			indentWidth = 4;
			path = Cove;
			sourceTree = "<group>";
			tabWidth = 4;
		};
		D0245F552C0F7B500042B447 /* Preview Content */ = {
			isa = PBXGroup;
			children = (
				D0245F562C0F7B500042B447 /* Preview Assets.xcassets */,
			);
			path = "Preview Content";
			sourceTree = "<group>";
		};
/* End PBXGroup section */

/* Begin PBXNativeTarget section */
		D0245F4B2C0F7B4E0042B447 /* Cove */ = {
			isa = PBXNativeTarget;
			buildConfigurationList = D0245F5A2C0F7B500042B447 /* Build configuration list for PBXNativeTarget "Cove" */;
			buildPhases = (
				D0245F482C0F7B4E0042B447 /* Sources */,
				D0245F492C0F7B4E0042B447 /* Frameworks */,
				D0245F4A2C0F7B4E0042B447 /* Resources */,
				ACC4D39C2C2CA6AD008E32A0 /* Embed Frameworks */,
			);
			buildRules = (
			);
			dependencies = (
			);
			name = Cove;
			packageProductDependencies = (
				ACA4CBEE2C2365430008F63E /* KeychainSwift */,
				ACF5B3482C2BA4BC00DDDEB9 /* Inject */,
				AC8C1FAE2C4E9E2C00158283 /* PopupView */,
				AC8C1FB12C4E9E3800158283 /* ActivityIndicatorView */,
			);
			productName = Cove;
			productReference = D0245F4C2C0F7B4E0042B447 /* Cove.app */;
			productType = "com.apple.product-type.application";
		};
/* End PBXNativeTarget section */

/* Begin PBXProject section */
		D0245F442C0F7B4E0042B447 /* Project object */ = {
			isa = PBXProject;
			attributes = {
				BuildIndependentTargetsInParallel = 1;
				LastSwiftUpdateCheck = 1500;
				LastUpgradeCheck = 1540;
				TargetAttributes = {
					D0245F4B2C0F7B4E0042B447 = {
						CreatedOnToolsVersion = 15.0.1;
					};
				};
			};
			buildConfigurationList = D0245F472C0F7B4E0042B447 /* Build configuration list for PBXProject "Cove" */;
			compatibilityVersion = "Xcode 14.0";
			developmentRegion = en;
			hasScannedForEncodings = 0;
			knownRegions = (
				en,
				Base,
			);
			mainGroup = D0245F432C0F7B4E0042B447;
			packageReferences = (
				ACA4CBED2C2365430008F63E /* XCRemoteSwiftPackageReference "keychain-swift" */,
				ACF5B3472C2BA4BC00DDDEB9 /* XCRemoteSwiftPackageReference "Inject" */,
				AC8C1FAD2C4E9E2C00158283 /* XCRemoteSwiftPackageReference "PopupView" */,
				AC8C1FB02C4E9E3800158283 /* XCRemoteSwiftPackageReference "ActivityIndicatorView" */,
			);
			productRefGroup = D0245F4D2C0F7B4E0042B447 /* Products */;
			projectDirPath = "";
			projectRoot = "";
			targets = (
				D0245F4B2C0F7B4E0042B447 /* Cove */,
			);
		};
/* End PBXProject section */

/* Begin PBXResourcesBuildPhase section */
		D0245F4A2C0F7B4E0042B447 /* Resources */ = {
			isa = PBXResourcesBuildPhase;
			buildActionMask = 2147483647;
			files = (
				D0245F572C0F7B500042B447 /* Preview Assets.xcassets in Resources */,
				D0245F542C0F7B500042B447 /* Assets.xcassets in Resources */,
			);
			runOnlyForDeploymentPostprocessing = 0;
		};
/* End PBXResourcesBuildPhase section */

/* Begin PBXSourcesBuildPhase section */
		D0245F482C0F7B4E0042B447 /* Sources */ = {
			isa = PBXSourcesBuildPhase;
			buildActionMask = 2147483647;
			files = (
				D0BE2EBE2C1614150055FCBE /* MainViewModel.swift in Sources */,
				ACC3017A2C221450006790DF /* PendingWalletViewModel.swift in Sources */,
				ACC301782C21D6EA006790DF /* HotWalletImportView.swift in Sources */,
				ACC301712C2109C1006790DF /* NewWalletSelectView.swift in Sources */,
				AC9AB5792C34956C00BAE3BE /* Logger.swift in Sources */,
				ACC3016F2C2109A1006790DF /* NewColdWalletView.swift in Sources */,
				AC269AE22C289F17005481A8 /* VerifyWordsView.swift in Sources */,
				D0245F502C0F7B4E0042B447 /* CoveApp.swift in Sources */,
				ACF44D142C2857E9008C5034 /* FixedGlassCard.swift in Sources */,
				AC07617F2C31BAA9007B4540 /* ListWalletsView.swift in Sources */,
				ACC3016D2C210978006790DF /* NewHotWalletView.swift in Sources */,
				D000B2F22C0F7BB100E32143 /* Cove.swift in Sources */,
				AC07617D2C31A527007B4540 /* GlassCard.swift in Sources */,
				AC9FBEBD2C3F5C78005CB37A /* SettingsView2.swift in Sources */,
				ACF44D122C2642DD008C5034 /* SunsetWave.swift in Sources */,
				ACC3016A2C20C9D4006790DF /* Routes+Ext.swift in Sources */,
				ACB17FBD2C5ABDD20079A96A /* WalletBalanceHeaderView.swift in Sources */,
				AC8C1FAA2C49A4BC00158283 /* NodeSelectionView.swift in Sources */,
				ACC301652C207787006790DF /* NewWalletView.swift in Sources */,
				ACCD58D42C5A89FC00CF06F9 /* AsyncPreview.swift in Sources */,
				ACC301762C21D698006790DF /* HotWalletCreateView.swift in Sources */,
				AC1290312C4EE8A500E72ECF /* Result+Ext.swift in Sources */,
				ACC301742C211281006790DF /* HotWalletSelectView.swift in Sources */,
				AC0761812C32E3BA007B4540 /* SidebarView.swift in Sources */,
				AC1290332C4EF4EA00E72ECF /* PopupMiddleView.swift in Sources */,
				ACA4CBEC2C2328BE0008F63E /* Security.swift in Sources */,
				ACF44D0D2C26131A008C5034 /* Color+Ext.swift in Sources */,
				ACCAAAAD2C29CABC00FA642E /* Trait+Ext.swift in Sources */,
				AC8189542C4023F0004DCDF5 /* CustomCompletionView.swift in Sources */,
				AC97D1EC2C287D4F00873092 /* CommonButtonStyles.swift in Sources */,
				AC7DAC9A2C5ACA2800F9DDDB /* String+Ext.swift in Sources */,
				382288EEB9734474498ED7EE /* KeyboardObserver.swift in Sources */,
				AC595C732C32FE5300997733 /* SelectedWalletView.swift in Sources */,
				6B2189B893A545A2F4E3107E /* WalletColor+Ext.swift in Sources */,
				0995B2382B1A8AA3208B6097 /* WalletViewModel.swift in Sources */,
				52AEF2D14ADE7D9CDF81C276 /* RouteView.swift in Sources */,
				50B3D54BE1FF7EAE394ACC68 /* SettingsView.swift in Sources */,
				AC8C1FAC2C4D5D6600158283 /* NodeSelection+Ext.swift in Sources */,
				AC2D59252C5B213500B67277 /* TransactionsListView.swift in Sources */,
				4B7D31B349728B3C573472DD /* Network+Ext.swift in Sources */,
				2C3000E623FFF7A92EB7F02D /* ColorSchemeSelection+Ext.swift in Sources */,
				4998F4A296FA2217EC2BD80F /* WalletSettings.swift in Sources */,
				1BE5607DDD79FE6FA8A6B6F0 /* ImportWalletViewModel.swift in Sources */,
				AC93DAE32C4572C3002E5AF2 /* NumberOfWords+Ext.swift in Sources */,
				ACF479F82C59D785008A9362 /* WeakReconciler.swift in Sources */,
				09890D7BB033D5000D5EFA66 /* Balance+Ext.swift in Sources */,
			);
			runOnlyForDeploymentPostprocessing = 0;
		};
/* End PBXSourcesBuildPhase section */

/* Begin XCBuildConfiguration section */
		D0245F582C0F7B500042B447 /* Debug */ = {
			isa = XCBuildConfiguration;
			buildSettings = {
				ALWAYS_SEARCH_USER_PATHS = NO;
				ASSETCATALOG_COMPILER_GENERATE_SWIFT_ASSET_SYMBOL_EXTENSIONS = YES;
				CLANG_ANALYZER_NONNULL = YES;
				CLANG_ANALYZER_NUMBER_OBJECT_CONVERSION = YES_AGGRESSIVE;
				CLANG_CXX_LANGUAGE_STANDARD = "gnu++20";
				CLANG_ENABLE_MODULES = YES;
				CLANG_ENABLE_OBJC_ARC = YES;
				CLANG_ENABLE_OBJC_WEAK = YES;
				CLANG_WARN_BLOCK_CAPTURE_AUTORELEASING = YES;
				CLANG_WARN_BOOL_CONVERSION = YES;
				CLANG_WARN_COMMA = YES;
				CLANG_WARN_CONSTANT_CONVERSION = YES;
				CLANG_WARN_DEPRECATED_OBJC_IMPLEMENTATIONS = YES;
				CLANG_WARN_DIRECT_OBJC_ISA_USAGE = YES_ERROR;
				CLANG_WARN_DOCUMENTATION_COMMENTS = YES;
				CLANG_WARN_EMPTY_BODY = YES;
				CLANG_WARN_ENUM_CONVERSION = YES;
				CLANG_WARN_INFINITE_RECURSION = YES;
				CLANG_WARN_INT_CONVERSION = YES;
				CLANG_WARN_NON_LITERAL_NULL_CONVERSION = YES;
				CLANG_WARN_OBJC_IMPLICIT_RETAIN_SELF = YES;
				CLANG_WARN_OBJC_LITERAL_CONVERSION = YES;
				CLANG_WARN_OBJC_ROOT_CLASS = YES_ERROR;
				CLANG_WARN_QUOTED_INCLUDE_IN_FRAMEWORK_HEADER = YES;
				CLANG_WARN_RANGE_LOOP_ANALYSIS = YES;
				CLANG_WARN_STRICT_PROTOTYPES = YES;
				CLANG_WARN_SUSPICIOUS_MOVE = YES;
				CLANG_WARN_UNGUARDED_AVAILABILITY = YES_AGGRESSIVE;
				CLANG_WARN_UNREACHABLE_CODE = YES;
				CLANG_WARN__DUPLICATE_METHOD_MATCH = YES;
				COPY_PHASE_STRIP = NO;
				DEBUG_INFORMATION_FORMAT = dwarf;
				ENABLE_STRICT_OBJC_MSGSEND = YES;
				ENABLE_TESTABILITY = YES;
				ENABLE_USER_SCRIPT_SANDBOXING = YES;
				GCC_C_LANGUAGE_STANDARD = gnu17;
				GCC_DYNAMIC_NO_PIC = NO;
				GCC_NO_COMMON_BLOCKS = YES;
				GCC_OPTIMIZATION_LEVEL = 0;
				GCC_PREPROCESSOR_DEFINITIONS = (
					"DEBUG=1",
					"$(inherited)",
				);
				GCC_WARN_64_TO_32_BIT_CONVERSION = YES;
				GCC_WARN_ABOUT_RETURN_TYPE = YES_ERROR;
				GCC_WARN_UNDECLARED_SELECTOR = YES;
				GCC_WARN_UNINITIALIZED_AUTOS = YES_AGGRESSIVE;
				GCC_WARN_UNUSED_FUNCTION = YES;
				GCC_WARN_UNUSED_VARIABLE = YES;
				IPHONEOS_DEPLOYMENT_TARGET = 17.0;
				LOCALIZATION_PREFERS_STRING_CATALOGS = YES;
				MTL_ENABLE_DEBUG_INFO = INCLUDE_SOURCE;
				MTL_FAST_MATH = YES;
				ONLY_ACTIVE_ARCH = YES;
				SDKROOT = iphoneos;
				SWIFT_ACTIVE_COMPILATION_CONDITIONS = "DEBUG $(inherited)";
				SWIFT_OPTIMIZATION_LEVEL = "-Onone";
			};
			name = Debug;
		};
		D0245F592C0F7B500042B447 /* Release */ = {
			isa = XCBuildConfiguration;
			buildSettings = {
				ALWAYS_SEARCH_USER_PATHS = NO;
				ASSETCATALOG_COMPILER_GENERATE_SWIFT_ASSET_SYMBOL_EXTENSIONS = YES;
				CLANG_ANALYZER_NONNULL = YES;
				CLANG_ANALYZER_NUMBER_OBJECT_CONVERSION = YES_AGGRESSIVE;
				CLANG_CXX_LANGUAGE_STANDARD = "gnu++20";
				CLANG_ENABLE_MODULES = YES;
				CLANG_ENABLE_OBJC_ARC = YES;
				CLANG_ENABLE_OBJC_WEAK = YES;
				CLANG_WARN_BLOCK_CAPTURE_AUTORELEASING = YES;
				CLANG_WARN_BOOL_CONVERSION = YES;
				CLANG_WARN_COMMA = YES;
				CLANG_WARN_CONSTANT_CONVERSION = YES;
				CLANG_WARN_DEPRECATED_OBJC_IMPLEMENTATIONS = YES;
				CLANG_WARN_DIRECT_OBJC_ISA_USAGE = YES_ERROR;
				CLANG_WARN_DOCUMENTATION_COMMENTS = YES;
				CLANG_WARN_EMPTY_BODY = YES;
				CLANG_WARN_ENUM_CONVERSION = YES;
				CLANG_WARN_INFINITE_RECURSION = YES;
				CLANG_WARN_INT_CONVERSION = YES;
				CLANG_WARN_NON_LITERAL_NULL_CONVERSION = YES;
				CLANG_WARN_OBJC_IMPLICIT_RETAIN_SELF = YES;
				CLANG_WARN_OBJC_LITERAL_CONVERSION = YES;
				CLANG_WARN_OBJC_ROOT_CLASS = YES_ERROR;
				CLANG_WARN_QUOTED_INCLUDE_IN_FRAMEWORK_HEADER = YES;
				CLANG_WARN_RANGE_LOOP_ANALYSIS = YES;
				CLANG_WARN_STRICT_PROTOTYPES = YES;
				CLANG_WARN_SUSPICIOUS_MOVE = YES;
				CLANG_WARN_UNGUARDED_AVAILABILITY = YES_AGGRESSIVE;
				CLANG_WARN_UNREACHABLE_CODE = YES;
				CLANG_WARN__DUPLICATE_METHOD_MATCH = YES;
				COPY_PHASE_STRIP = NO;
				DEBUG_INFORMATION_FORMAT = "dwarf-with-dsym";
				ENABLE_NS_ASSERTIONS = NO;
				ENABLE_STRICT_OBJC_MSGSEND = YES;
				ENABLE_USER_SCRIPT_SANDBOXING = YES;
				GCC_C_LANGUAGE_STANDARD = gnu17;
				GCC_NO_COMMON_BLOCKS = YES;
				GCC_WARN_64_TO_32_BIT_CONVERSION = YES;
				GCC_WARN_ABOUT_RETURN_TYPE = YES_ERROR;
				GCC_WARN_UNDECLARED_SELECTOR = YES;
				GCC_WARN_UNINITIALIZED_AUTOS = YES_AGGRESSIVE;
				GCC_WARN_UNUSED_FUNCTION = YES;
				GCC_WARN_UNUSED_VARIABLE = YES;
				IPHONEOS_DEPLOYMENT_TARGET = 17.0;
				LOCALIZATION_PREFERS_STRING_CATALOGS = YES;
				MTL_ENABLE_DEBUG_INFO = NO;
				MTL_FAST_MATH = YES;
				SDKROOT = iphoneos;
				SWIFT_COMPILATION_MODE = wholemodule;
				VALIDATE_PRODUCT = YES;
			};
			name = Release;
		};
		D0245F5B2C0F7B500042B447 /* Debug */ = {
			isa = XCBuildConfiguration;
			buildSettings = {
				ASSETCATALOG_COMPILER_APPICON_NAME = AppIcon;
				ASSETCATALOG_COMPILER_GLOBAL_ACCENT_COLOR_NAME = AccentColor;
				CODE_SIGN_STYLE = Automatic;
				CURRENT_PROJECT_VERSION = 0.0.1.1;
				DEVELOPMENT_ASSET_PATHS = "\"Cove/Preview Content\"";
				DEVELOPMENT_TEAM = 4PZ3NJBYLZ;
				ENABLE_PREVIEWS = YES;
				GENERATE_INFOPLIST_FILE = YES;
				INFOPLIST_KEY_UIApplicationSceneManifest_Generation = YES;
				INFOPLIST_KEY_UIApplicationSupportsIndirectInputEvents = YES;
				INFOPLIST_KEY_UILaunchScreen_Generation = YES;
				INFOPLIST_KEY_UISupportedInterfaceOrientations_iPad = "UIInterfaceOrientationPortrait UIInterfaceOrientationPortraitUpsideDown UIInterfaceOrientationLandscapeLeft UIInterfaceOrientationLandscapeRight";
				INFOPLIST_KEY_UISupportedInterfaceOrientations_iPhone = "UIInterfaceOrientationPortrait UIInterfaceOrientationLandscapeLeft UIInterfaceOrientationLandscapeRight";
				LD_RUNPATH_SEARCH_PATHS = (
					"$(inherited)",
					"@executable_path/Frameworks",
				);
				MARKETING_VERSION = 0.0.1;
				NEW_SETTING = "";
				OTHER_LDFLAGS = (
					"-Xlinker",
					"-interposable",
				);
				PRODUCT_BUNDLE_IDENTIFIER = org.bitcoinppl.cove;
				PRODUCT_NAME = "$(TARGET_NAME)";
				SWIFT_EMIT_LOC_STRINGS = YES;
				SWIFT_VERSION = 5.0;
				TARGETED_DEVICE_FAMILY = "1,2";
			};
			name = Debug;
		};
		D0245F5C2C0F7B500042B447 /* Release */ = {
			isa = XCBuildConfiguration;
			buildSettings = {
				ASSETCATALOG_COMPILER_APPICON_NAME = AppIcon;
				ASSETCATALOG_COMPILER_GLOBAL_ACCENT_COLOR_NAME = AccentColor;
				CODE_SIGN_STYLE = Automatic;
				CURRENT_PROJECT_VERSION = 0.0.1.1;
				DEVELOPMENT_ASSET_PATHS = "\"Cove/Preview Content\"";
				DEVELOPMENT_TEAM = 4PZ3NJBYLZ;
				ENABLE_PREVIEWS = YES;
				GENERATE_INFOPLIST_FILE = YES;
				INFOPLIST_KEY_UIApplicationSceneManifest_Generation = YES;
				INFOPLIST_KEY_UIApplicationSupportsIndirectInputEvents = YES;
				INFOPLIST_KEY_UILaunchScreen_Generation = YES;
				INFOPLIST_KEY_UISupportedInterfaceOrientations_iPad = "UIInterfaceOrientationPortrait UIInterfaceOrientationPortraitUpsideDown UIInterfaceOrientationLandscapeLeft UIInterfaceOrientationLandscapeRight";
				INFOPLIST_KEY_UISupportedInterfaceOrientations_iPhone = "UIInterfaceOrientationPortrait UIInterfaceOrientationLandscapeLeft UIInterfaceOrientationLandscapeRight";
				LD_RUNPATH_SEARCH_PATHS = (
					"$(inherited)",
					"@executable_path/Frameworks",
				);
				MARKETING_VERSION = 0.0.1;
				NEW_SETTING = "";
				OTHER_LDFLAGS = (
					"-Xlinker",
					"-interposable",
				);
				PRODUCT_BUNDLE_IDENTIFIER = org.bitcoinppl.cove;
				PRODUCT_NAME = "$(TARGET_NAME)";
				SWIFT_EMIT_LOC_STRINGS = YES;
				SWIFT_VERSION = 5.0;
				TARGETED_DEVICE_FAMILY = "1,2";
			};
			name = Release;
		};
/* End XCBuildConfiguration section */

/* Begin XCConfigurationList section */
		D0245F472C0F7B4E0042B447 /* Build configuration list for PBXProject "Cove" */ = {
			isa = XCConfigurationList;
			buildConfigurations = (
				D0245F582C0F7B500042B447 /* Debug */,
				D0245F592C0F7B500042B447 /* Release */,
			);
			defaultConfigurationIsVisible = 0;
			defaultConfigurationName = Debug;
		};
		D0245F5A2C0F7B500042B447 /* Build configuration list for PBXNativeTarget "Cove" */ = {
			isa = XCConfigurationList;
			buildConfigurations = (
				D0245F5B2C0F7B500042B447 /* Debug */,
				D0245F5C2C0F7B500042B447 /* Release */,
			);
			defaultConfigurationIsVisible = 0;
			defaultConfigurationName = Debug;
		};
/* End XCConfigurationList section */

/* Begin XCRemoteSwiftPackageReference section */
		AC8C1FAD2C4E9E2C00158283 /* XCRemoteSwiftPackageReference "PopupView" */ = {
			isa = XCRemoteSwiftPackageReference;
			repositoryURL = "https://github.com/exyte/PopupView.git";
			requirement = {
				kind = upToNextMajorVersion;
				minimumVersion = 3.0.4;
			};
		};
		AC8C1FB02C4E9E3800158283 /* XCRemoteSwiftPackageReference "ActivityIndicatorView" */ = {
			isa = XCRemoteSwiftPackageReference;
			repositoryURL = "https://github.com/exyte/ActivityIndicatorView";
			requirement = {
				kind = upToNextMajorVersion;
				minimumVersion = 1.1.1;
			};
		};
		ACA4CBED2C2365430008F63E /* XCRemoteSwiftPackageReference "keychain-swift" */ = {
			isa = XCRemoteSwiftPackageReference;
			repositoryURL = "https://github.com/evgenyneu/keychain-swift";
			requirement = {
				kind = upToNextMajorVersion;
				minimumVersion = 24.0.0;
			};
		};
		ACF5B3472C2BA4BC00DDDEB9 /* XCRemoteSwiftPackageReference "Inject" */ = {
			isa = XCRemoteSwiftPackageReference;
			repositoryURL = "https://github.com/krzysztofzablocki/Inject.git";
			requirement = {
				kind = upToNextMajorVersion;
				minimumVersion = 1.5.0;
			};
		};
/* End XCRemoteSwiftPackageReference section */

/* Begin XCSwiftPackageProductDependency section */
		AC8C1FAE2C4E9E2C00158283 /* PopupView */ = {
			isa = XCSwiftPackageProductDependency;
			package = AC8C1FAD2C4E9E2C00158283 /* XCRemoteSwiftPackageReference "PopupView" */;
			productName = PopupView;
		};
		AC8C1FB12C4E9E3800158283 /* ActivityIndicatorView */ = {
			isa = XCSwiftPackageProductDependency;
			package = AC8C1FB02C4E9E3800158283 /* XCRemoteSwiftPackageReference "ActivityIndicatorView" */;
			productName = ActivityIndicatorView;
		};
		ACA4CBEE2C2365430008F63E /* KeychainSwift */ = {
			isa = XCSwiftPackageProductDependency;
			package = ACA4CBED2C2365430008F63E /* XCRemoteSwiftPackageReference "keychain-swift" */;
			productName = KeychainSwift;
		};
		ACF5B3482C2BA4BC00DDDEB9 /* Inject */ = {
			isa = XCSwiftPackageProductDependency;
			package = ACF5B3472C2BA4BC00DDDEB9 /* XCRemoteSwiftPackageReference "Inject" */;
			productName = Inject;
		};
/* End XCSwiftPackageProductDependency section */
	};
	rootObject = D0245F442C0F7B4E0042B447 /* Project object */;
}
