// !$*UTF8*$!
{
	archiveVersion = 1;
	classes = {
	};
	objectVersion = 56;
	objects = {

/* Begin PBXBuildFile section */
		AC97D1EC2C287D4F00873092 /* CommonButtonStyles.swift in Sources */ = {isa = PBXBuildFile; fileRef = AC97D1EB2C287D4F00873092 /* CommonButtonStyles.swift */; };
		ACA4CBEC2C2328BE0008F63E /* Security.swift in Sources */ = {isa = PBXBuildFile; fileRef = ACA4CBEB2C2328BE0008F63E /* Security.swift */; };
		ACA4CBEF2C2365430008F63E /* KeychainSwift in Frameworks */ = {isa = PBXBuildFile; productRef = ACA4CBEE2C2365430008F63E /* KeychainSwift */; };
		ACC301652C207787006790DF /* NewWalletView.swift in Sources */ = {isa = PBXBuildFile; fileRef = ACC301642C207787006790DF /* NewWalletView.swift */; };
		ACC3016A2C20C9D4006790DF /* Routes+Ext.swift in Sources */ = {isa = PBXBuildFile; fileRef = ACC301692C20C9D4006790DF /* Routes+Ext.swift */; };
		ACC3016D2C210978006790DF /* NewHotWalletView.swift in Sources */ = {isa = PBXBuildFile; fileRef = ACC3016C2C210978006790DF /* NewHotWalletView.swift */; };
		ACC3016F2C2109A1006790DF /* NewColdWalletView.swift in Sources */ = {isa = PBXBuildFile; fileRef = ACC3016E2C2109A1006790DF /* NewColdWalletView.swift */; };
		ACC301712C2109C1006790DF /* NewWalletSelectView.swift in Sources */ = {isa = PBXBuildFile; fileRef = ACC301702C2109C1006790DF /* NewWalletSelectView.swift */; };
		ACC301742C211281006790DF /* HotWalletSelectView.swift in Sources */ = {isa = PBXBuildFile; fileRef = ACC301732C211281006790DF /* HotWalletSelectView.swift */; };
		ACC301762C21D698006790DF /* HotWalletCreateView.swift in Sources */ = {isa = PBXBuildFile; fileRef = ACC301752C21D698006790DF /* HotWalletCreateView.swift */; };
		ACC301782C21D6EA006790DF /* HotWalletImportView.swift in Sources */ = {isa = PBXBuildFile; fileRef = ACC301772C21D6EA006790DF /* HotWalletImportView.swift */; };
		ACC3017A2C221450006790DF /* WalletViewModel.swift in Sources */ = {isa = PBXBuildFile; fileRef = ACC301792C221450006790DF /* WalletViewModel.swift */; };
		ACF44D0D2C26131A008C5034 /* Color+Ext.swift in Sources */ = {isa = PBXBuildFile; fileRef = ACF44D0C2C26131A008C5034 /* Color+Ext.swift */; };
		ACF44D122C2642DD008C5034 /* SunsetWave.swift in Sources */ = {isa = PBXBuildFile; fileRef = ACF44D112C2642DD008C5034 /* SunsetWave.swift */; };
		ACF44D142C2857E9008C5034 /* GlassCard.swift in Sources */ = {isa = PBXBuildFile; fileRef = ACF44D132C2857E9008C5034 /* GlassCard.swift */; };
		D000B2F02C0F7BAA00E32143 /* Cove.xcframework in Frameworks */ = {isa = PBXBuildFile; fileRef = D000B2EF2C0F7BAA00E32143 /* Cove.xcframework */; };
		D000B2F22C0F7BB100E32143 /* Cove.swift in Sources */ = {isa = PBXBuildFile; fileRef = D000B2F12C0F7BB100E32143 /* Cove.swift */; };
		D0245F502C0F7B4E0042B447 /* CoveApp.swift in Sources */ = {isa = PBXBuildFile; fileRef = D0245F4F2C0F7B4E0042B447 /* CoveApp.swift */; };
		D0245F522C0F7B4E0042B447 /* CoveView.swift in Sources */ = {isa = PBXBuildFile; fileRef = D0245F512C0F7B4E0042B447 /* CoveView.swift */; };
		D0245F542C0F7B500042B447 /* Assets.xcassets in Resources */ = {isa = PBXBuildFile; fileRef = D0245F532C0F7B500042B447 /* Assets.xcassets */; };
		D0245F572C0F7B500042B447 /* Preview Assets.xcassets in Resources */ = {isa = PBXBuildFile; fileRef = D0245F562C0F7B500042B447 /* Preview Assets.xcassets */; };
		D0BE2EBE2C1614150055FCBE /* MainViewModel.swift in Sources */ = {isa = PBXBuildFile; fileRef = D0BE2EBD2C1614150055FCBE /* MainViewModel.swift */; };
/* End PBXBuildFile section */

/* Begin PBXFileReference section */
		AC97D1EB2C287D4F00873092 /* CommonButtonStyles.swift */ = {isa = PBXFileReference; lastKnownFileType = sourcecode.swift; path = CommonButtonStyles.swift; sourceTree = "<group>"; };
		ACA4CBEB2C2328BE0008F63E /* Security.swift */ = {isa = PBXFileReference; lastKnownFileType = sourcecode.swift; path = Security.swift; sourceTree = "<group>"; };
		ACC301642C207787006790DF /* NewWalletView.swift */ = {isa = PBXFileReference; lastKnownFileType = sourcecode.swift; path = NewWalletView.swift; sourceTree = "<group>"; };
		ACC301692C20C9D4006790DF /* Routes+Ext.swift */ = {isa = PBXFileReference; lastKnownFileType = sourcecode.swift; path = "Routes+Ext.swift"; sourceTree = "<group>"; };
		ACC3016C2C210978006790DF /* NewHotWalletView.swift */ = {isa = PBXFileReference; lastKnownFileType = sourcecode.swift; path = NewHotWalletView.swift; sourceTree = "<group>"; };
		ACC3016E2C2109A1006790DF /* NewColdWalletView.swift */ = {isa = PBXFileReference; lastKnownFileType = sourcecode.swift; path = NewColdWalletView.swift; sourceTree = "<group>"; };
		ACC301702C2109C1006790DF /* NewWalletSelectView.swift */ = {isa = PBXFileReference; lastKnownFileType = sourcecode.swift; path = NewWalletSelectView.swift; sourceTree = "<group>"; };
		ACC301732C211281006790DF /* HotWalletSelectView.swift */ = {isa = PBXFileReference; lastKnownFileType = sourcecode.swift; path = HotWalletSelectView.swift; sourceTree = "<group>"; };
		ACC301752C21D698006790DF /* HotWalletCreateView.swift */ = {isa = PBXFileReference; lastKnownFileType = sourcecode.swift; path = HotWalletCreateView.swift; sourceTree = "<group>"; };
		ACC301772C21D6EA006790DF /* HotWalletImportView.swift */ = {isa = PBXFileReference; lastKnownFileType = sourcecode.swift; path = HotWalletImportView.swift; sourceTree = "<group>"; };
		ACC301792C221450006790DF /* WalletViewModel.swift */ = {isa = PBXFileReference; lastKnownFileType = sourcecode.swift; path = WalletViewModel.swift; sourceTree = "<group>"; };
		ACF44D0C2C26131A008C5034 /* Color+Ext.swift */ = {isa = PBXFileReference; lastKnownFileType = sourcecode.swift; path = "Color+Ext.swift"; sourceTree = "<group>"; };
		ACF44D112C2642DD008C5034 /* SunsetWave.swift */ = {isa = PBXFileReference; fileEncoding = 4; lastKnownFileType = sourcecode.swift; path = SunsetWave.swift; sourceTree = "<group>"; };
		ACF44D132C2857E9008C5034 /* GlassCard.swift */ = {isa = PBXFileReference; lastKnownFileType = sourcecode.swift; path = GlassCard.swift; sourceTree = "<group>"; };
		D000B2EF2C0F7BAA00E32143 /* Cove.xcframework */ = {isa = PBXFileReference; lastKnownFileType = wrapper.xcframework; name = Cove.xcframework; path = ../rust/ios/Cove.xcframework; sourceTree = "<group>"; };
		D000B2F12C0F7BB100E32143 /* Cove.swift */ = {isa = PBXFileReference; fileEncoding = 4; lastKnownFileType = sourcecode.swift; name = Cove.swift; path = ../../rust/ios/Cove/Cove.swift; sourceTree = "<group>"; };
		D0245F4C2C0F7B4E0042B447 /* Cove.app */ = {isa = PBXFileReference; explicitFileType = wrapper.application; includeInIndex = 0; path = Cove.app; sourceTree = BUILT_PRODUCTS_DIR; };
		D0245F4F2C0F7B4E0042B447 /* CoveApp.swift */ = {isa = PBXFileReference; lastKnownFileType = sourcecode.swift; path = CoveApp.swift; sourceTree = "<group>"; };
		D0245F512C0F7B4E0042B447 /* CoveView.swift */ = {isa = PBXFileReference; lastKnownFileType = sourcecode.swift; path = CoveView.swift; sourceTree = "<group>"; };
		D0245F532C0F7B500042B447 /* Assets.xcassets */ = {isa = PBXFileReference; lastKnownFileType = folder.assetcatalog; path = Assets.xcassets; sourceTree = "<group>"; };
		D0245F562C0F7B500042B447 /* Preview Assets.xcassets */ = {isa = PBXFileReference; lastKnownFileType = folder.assetcatalog; path = "Preview Assets.xcassets"; sourceTree = "<group>"; };
		D0BE2EBD2C1614150055FCBE /* MainViewModel.swift */ = {isa = PBXFileReference; lastKnownFileType = sourcecode.swift; path = MainViewModel.swift; sourceTree = "<group>"; };
/* End PBXFileReference section */

/* Begin PBXFrameworksBuildPhase section */
		D0245F492C0F7B4E0042B447 /* Frameworks */ = {
			isa = PBXFrameworksBuildPhase;
			buildActionMask = 2147483647;
			files = (
				ACA4CBEF2C2365430008F63E /* KeychainSwift in Frameworks */,
				D000B2F02C0F7BAA00E32143 /* Cove.xcframework in Frameworks */,
			);
			runOnlyForDeploymentPostprocessing = 0;
		};
/* End PBXFrameworksBuildPhase section */

/* Begin PBXGroup section */
		AC97D1ED2C287FCE00873092 /* Styles */ = {
			isa = PBXGroup;
			children = (
				AC97D1EB2C287D4F00873092 /* CommonButtonStyles.swift */,
			);
			path = Styles;
			sourceTree = "<group>";
		};
		ACC301662C20C11D006790DF /* Extention */ = {
			isa = PBXGroup;
			children = (
				ACC301692C20C9D4006790DF /* Routes+Ext.swift */,
				ACF44D0C2C26131A008C5034 /* Color+Ext.swift */,
			);
			path = Extention;
			sourceTree = "<group>";
		};
		ACC3016B2C21095A006790DF /* NewWallet */ = {
			isa = PBXGroup;
			children = (
				ACC301722C21126C006790DF /* HotWallet */,
				ACC3016C2C210978006790DF /* NewHotWalletView.swift */,
				ACC3016E2C2109A1006790DF /* NewColdWalletView.swift */,
				ACC301702C2109C1006790DF /* NewWalletSelectView.swift */,
			);
			path = NewWallet;
			sourceTree = "<group>";
		};
		ACC301722C21126C006790DF /* HotWallet */ = {
			isa = PBXGroup;
			children = (
				ACC301732C211281006790DF /* HotWalletSelectView.swift */,
				ACC301752C21D698006790DF /* HotWalletCreateView.swift */,
				ACC301772C21D6EA006790DF /* HotWalletImportView.swift */,
			);
			path = HotWallet;
			sourceTree = "<group>";
		};
		ACF44D102C2642BA008C5034 /* Components */ = {
			isa = PBXGroup;
			children = (
				ACF44D112C2642DD008C5034 /* SunsetWave.swift */,
				ACF44D132C2857E9008C5034 /* GlassCard.swift */,
			);
			path = Components;
			sourceTree = "<group>";
		};
		D0245F432C0F7B4E0042B447 = {
			isa = PBXGroup;
			children = (
				D000B2EF2C0F7BAA00E32143 /* Cove.xcframework */,
				D0245F4E2C0F7B4E0042B447 /* Cove */,
				D0245F4D2C0F7B4E0042B447 /* Products */,
			);
			sourceTree = "<group>";
		};
		D0245F4D2C0F7B4E0042B447 /* Products */ = {
			isa = PBXGroup;
			children = (
				D0245F4C2C0F7B4E0042B447 /* Cove.app */,
			);
			name = Products;
			sourceTree = "<group>";
		};
		D0245F4E2C0F7B4E0042B447 /* Cove */ = {
			isa = PBXGroup;
			children = (
				AC97D1ED2C287FCE00873092 /* Styles */,
				ACF44D102C2642BA008C5034 /* Components */,
				ACC3016B2C21095A006790DF /* NewWallet */,
				ACC301662C20C11D006790DF /* Extention */,
				D000B2F12C0F7BB100E32143 /* Cove.swift */,
				D0245F4F2C0F7B4E0042B447 /* CoveApp.swift */,
				ACC301642C207787006790DF /* NewWalletView.swift */,
				D0245F512C0F7B4E0042B447 /* CoveView.swift */,
				ACC301792C221450006790DF /* WalletViewModel.swift */,
				D0245F532C0F7B500042B447 /* Assets.xcassets */,
				D0245F552C0F7B500042B447 /* Preview Content */,
				D0BE2EBD2C1614150055FCBE /* MainViewModel.swift */,
				ACA4CBEB2C2328BE0008F63E /* Security.swift */,
			);
			indentWidth = 4;
			path = Cove;
			sourceTree = "<group>";
			tabWidth = 4;
		};
		D0245F552C0F7B500042B447 /* Preview Content */ = {
			isa = PBXGroup;
			children = (
				D0245F562C0F7B500042B447 /* Preview Assets.xcassets */,
			);
			path = "Preview Content";
			sourceTree = "<group>";
		};
/* End PBXGroup section */

/* Begin PBXNativeTarget section */
		D0245F4B2C0F7B4E0042B447 /* Cove */ = {
			isa = PBXNativeTarget;
			buildConfigurationList = D0245F5A2C0F7B500042B447 /* Build configuration list for PBXNativeTarget "Cove" */;
			buildPhases = (
				D0245F482C0F7B4E0042B447 /* Sources */,
				D0245F492C0F7B4E0042B447 /* Frameworks */,
				D0245F4A2C0F7B4E0042B447 /* Resources */,
			);
			buildRules = (
			);
			dependencies = (
			);
			name = Cove;
			packageProductDependencies = (
				ACA4CBEE2C2365430008F63E /* KeychainSwift */,
			);
			productName = Cove;
			productReference = D0245F4C2C0F7B4E0042B447 /* Cove.app */;
			productType = "com.apple.product-type.application";
		};
/* End PBXNativeTarget section */

/* Begin PBXProject section */
		D0245F442C0F7B4E0042B447 /* Project object */ = {
			isa = PBXProject;
			attributes = {
				BuildIndependentTargetsInParallel = 1;
				LastSwiftUpdateCheck = 1500;
				LastUpgradeCheck = 1500;
				TargetAttributes = {
					D0245F4B2C0F7B4E0042B447 = {
						CreatedOnToolsVersion = 15.0.1;
					};
				};
			};
			buildConfigurationList = D0245F472C0F7B4E0042B447 /* Build configuration list for PBXProject "Cove" */;
			compatibilityVersion = "Xcode 14.0";
			developmentRegion = en;
			hasScannedForEncodings = 0;
			knownRegions = (
				en,
				Base,
			);
			mainGroup = D0245F432C0F7B4E0042B447;
			packageReferences = (
				ACA4CBED2C2365430008F63E /* XCRemoteSwiftPackageReference "keychain-swift" */,
			);
			productRefGroup = D0245F4D2C0F7B4E0042B447 /* Products */;
			projectDirPath = "";
			projectRoot = "";
			targets = (
				D0245F4B2C0F7B4E0042B447 /* Cove */,
			);
		};
/* End PBXProject section */

/* Begin PBXResourcesBuildPhase section */
		D0245F4A2C0F7B4E0042B447 /* Resources */ = {
			isa = PBXResourcesBuildPhase;
			buildActionMask = 2147483647;
			files = (
				D0245F572C0F7B500042B447 /* Preview Assets.xcassets in Resources */,
				D0245F542C0F7B500042B447 /* Assets.xcassets in Resources */,
			);
			runOnlyForDeploymentPostprocessing = 0;
		};
/* End PBXResourcesBuildPhase section */

/* Begin PBXSourcesBuildPhase section */
		D0245F482C0F7B4E0042B447 /* Sources */ = {
			isa = PBXSourcesBuildPhase;
			buildActionMask = 2147483647;
			files = (
				D0BE2EBE2C1614150055FCBE /* MainViewModel.swift in Sources */,
				D0245F522C0F7B4E0042B447 /* CoveView.swift in Sources */,
				ACC3017A2C221450006790DF /* WalletViewModel.swift in Sources */,
				ACC301782C21D6EA006790DF /* HotWalletImportView.swift in Sources */,
				ACC301712C2109C1006790DF /* NewWalletSelectView.swift in Sources */,
				ACC3016F2C2109A1006790DF /* NewColdWalletView.swift in Sources */,
				D0245F502C0F7B4E0042B447 /* CoveApp.swift in Sources */,
				ACF44D142C2857E9008C5034 /* GlassCard.swift in Sources */,
				ACC3016D2C210978006790DF /* NewHotWalletView.swift in Sources */,
				D000B2F22C0F7BB100E32143 /* Cove.swift in Sources */,
				ACF44D122C2642DD008C5034 /* SunsetWave.swift in Sources */,
				ACC3016A2C20C9D4006790DF /* Routes+Ext.swift in Sources */,
				ACC301652C207787006790DF /* NewWalletView.swift in Sources */,
				ACC301762C21D698006790DF /* HotWalletCreateView.swift in Sources */,
				ACC301742C211281006790DF /* HotWalletSelectView.swift in Sources */,
				ACA4CBEC2C2328BE0008F63E /* Security.swift in Sources */,
				ACF44D0D2C26131A008C5034 /* Color+Ext.swift in Sources */,
				AC97D1EC2C287D4F00873092 /* CommonButtonStyles.swift in Sources */,
			);
			runOnlyForDeploymentPostprocessing = 0;
		};
/* End PBXSourcesBuildPhase section */

/* Begin XCBuildConfiguration section */
		D0245F582C0F7B500042B447 /* Debug */ = {
			isa = XCBuildConfiguration;
			buildSettings = {
				ALWAYS_SEARCH_USER_PATHS = NO;
				ASSETCATALOG_COMPILER_GENERATE_SWIFT_ASSET_SYMBOL_EXTENSIONS = YES;
				CLANG_ANALYZER_NONNULL = YES;
				CLANG_ANALYZER_NUMBER_OBJECT_CONVERSION = YES_AGGRESSIVE;
				CLANG_CXX_LANGUAGE_STANDARD = "gnu++20";
				CLANG_ENABLE_MODULES = YES;
				CLANG_ENABLE_OBJC_ARC = YES;
				CLANG_ENABLE_OBJC_WEAK = YES;
				CLANG_WARN_BLOCK_CAPTURE_AUTORELEASING = YES;
				CLANG_WARN_BOOL_CONVERSION = YES;
				CLANG_WARN_COMMA = YES;
				CLANG_WARN_CONSTANT_CONVERSION = YES;
				CLANG_WARN_DEPRECATED_OBJC_IMPLEMENTATIONS = YES;
				CLANG_WARN_DIRECT_OBJC_ISA_USAGE = YES_ERROR;
				CLANG_WARN_DOCUMENTATION_COMMENTS = YES;
				CLANG_WARN_EMPTY_BODY = YES;
				CLANG_WARN_ENUM_CONVERSION = YES;
				CLANG_WARN_INFINITE_RECURSION = YES;
				CLANG_WARN_INT_CONVERSION = YES;
				CLANG_WARN_NON_LITERAL_NULL_CONVERSION = YES;
				CLANG_WARN_OBJC_IMPLICIT_RETAIN_SELF = YES;
				CLANG_WARN_OBJC_LITERAL_CONVERSION = YES;
				CLANG_WARN_OBJC_ROOT_CLASS = YES_ERROR;
				CLANG_WARN_QUOTED_INCLUDE_IN_FRAMEWORK_HEADER = YES;
				CLANG_WARN_RANGE_LOOP_ANALYSIS = YES;
				CLANG_WARN_STRICT_PROTOTYPES = YES;
				CLANG_WARN_SUSPICIOUS_MOVE = YES;
				CLANG_WARN_UNGUARDED_AVAILABILITY = YES_AGGRESSIVE;
				CLANG_WARN_UNREACHABLE_CODE = YES;
				CLANG_WARN__DUPLICATE_METHOD_MATCH = YES;
				COPY_PHASE_STRIP = NO;
				DEBUG_INFORMATION_FORMAT = dwarf;
				ENABLE_STRICT_OBJC_MSGSEND = YES;
				ENABLE_TESTABILITY = YES;
				ENABLE_USER_SCRIPT_SANDBOXING = YES;
				GCC_C_LANGUAGE_STANDARD = gnu17;
				GCC_DYNAMIC_NO_PIC = NO;
				GCC_NO_COMMON_BLOCKS = YES;
				GCC_OPTIMIZATION_LEVEL = 0;
				GCC_PREPROCESSOR_DEFINITIONS = (
					"DEBUG=1",
					"$(inherited)",
				);
				GCC_WARN_64_TO_32_BIT_CONVERSION = YES;
				GCC_WARN_ABOUT_RETURN_TYPE = YES_ERROR;
				GCC_WARN_UNDECLARED_SELECTOR = YES;
				GCC_WARN_UNINITIALIZED_AUTOS = YES_AGGRESSIVE;
				GCC_WARN_UNUSED_FUNCTION = YES;
				GCC_WARN_UNUSED_VARIABLE = YES;
				IPHONEOS_DEPLOYMENT_TARGET = 17.0;
				LOCALIZATION_PREFERS_STRING_CATALOGS = YES;
				MTL_ENABLE_DEBUG_INFO = INCLUDE_SOURCE;
				MTL_FAST_MATH = YES;
				ONLY_ACTIVE_ARCH = YES;
				SDKROOT = iphoneos;
				SWIFT_ACTIVE_COMPILATION_CONDITIONS = "DEBUG $(inherited)";
				SWIFT_OPTIMIZATION_LEVEL = "-Onone";
			};
			name = Debug;
		};
		D0245F592C0F7B500042B447 /* Release */ = {
			isa = XCBuildConfiguration;
			buildSettings = {
				ALWAYS_SEARCH_USER_PATHS = NO;
				ASSETCATALOG_COMPILER_GENERATE_SWIFT_ASSET_SYMBOL_EXTENSIONS = YES;
				CLANG_ANALYZER_NONNULL = YES;
				CLANG_ANALYZER_NUMBER_OBJECT_CONVERSION = YES_AGGRESSIVE;
				CLANG_CXX_LANGUAGE_STANDARD = "gnu++20";
				CLANG_ENABLE_MODULES = YES;
				CLANG_ENABLE_OBJC_ARC = YES;
				CLANG_ENABLE_OBJC_WEAK = YES;
				CLANG_WARN_BLOCK_CAPTURE_AUTORELEASING = YES;
				CLANG_WARN_BOOL_CONVERSION = YES;
				CLANG_WARN_COMMA = YES;
				CLANG_WARN_CONSTANT_CONVERSION = YES;
				CLANG_WARN_DEPRECATED_OBJC_IMPLEMENTATIONS = YES;
				CLANG_WARN_DIRECT_OBJC_ISA_USAGE = YES_ERROR;
				CLANG_WARN_DOCUMENTATION_COMMENTS = YES;
				CLANG_WARN_EMPTY_BODY = YES;
				CLANG_WARN_ENUM_CONVERSION = YES;
				CLANG_WARN_INFINITE_RECURSION = YES;
				CLANG_WARN_INT_CONVERSION = YES;
				CLANG_WARN_NON_LITERAL_NULL_CONVERSION = YES;
				CLANG_WARN_OBJC_IMPLICIT_RETAIN_SELF = YES;
				CLANG_WARN_OBJC_LITERAL_CONVERSION = YES;
				CLANG_WARN_OBJC_ROOT_CLASS = YES_ERROR;
				CLANG_WARN_QUOTED_INCLUDE_IN_FRAMEWORK_HEADER = YES;
				CLANG_WARN_RANGE_LOOP_ANALYSIS = YES;
				CLANG_WARN_STRICT_PROTOTYPES = YES;
				CLANG_WARN_SUSPICIOUS_MOVE = YES;
				CLANG_WARN_UNGUARDED_AVAILABILITY = YES_AGGRESSIVE;
				CLANG_WARN_UNREACHABLE_CODE = YES;
				CLANG_WARN__DUPLICATE_METHOD_MATCH = YES;
				COPY_PHASE_STRIP = NO;
				DEBUG_INFORMATION_FORMAT = "dwarf-with-dsym";
				ENABLE_NS_ASSERTIONS = NO;
				ENABLE_STRICT_OBJC_MSGSEND = YES;
				ENABLE_USER_SCRIPT_SANDBOXING = YES;
				GCC_C_LANGUAGE_STANDARD = gnu17;
				GCC_NO_COMMON_BLOCKS = YES;
				GCC_WARN_64_TO_32_BIT_CONVERSION = YES;
				GCC_WARN_ABOUT_RETURN_TYPE = YES_ERROR;
				GCC_WARN_UNDECLARED_SELECTOR = YES;
				GCC_WARN_UNINITIALIZED_AUTOS = YES_AGGRESSIVE;
				GCC_WARN_UNUSED_FUNCTION = YES;
				GCC_WARN_UNUSED_VARIABLE = YES;
				IPHONEOS_DEPLOYMENT_TARGET = 17.0;
				LOCALIZATION_PREFERS_STRING_CATALOGS = YES;
				MTL_ENABLE_DEBUG_INFO = NO;
				MTL_FAST_MATH = YES;
				SDKROOT = iphoneos;
				SWIFT_COMPILATION_MODE = wholemodule;
				VALIDATE_PRODUCT = YES;
			};
			name = Release;
		};
		D0245F5B2C0F7B500042B447 /* Debug */ = {
			isa = XCBuildConfiguration;
			buildSettings = {
				ASSETCATALOG_COMPILER_APPICON_NAME = AppIcon;
				ASSETCATALOG_COMPILER_GLOBAL_ACCENT_COLOR_NAME = AccentColor;
				CODE_SIGN_STYLE = Automatic;
				CURRENT_PROJECT_VERSION = 0.0.1.1;
				DEVELOPMENT_ASSET_PATHS = "\"Cove/Preview Content\"";
				DEVELOPMENT_TEAM = 4HFHA2C727;
				ENABLE_PREVIEWS = YES;
				GENERATE_INFOPLIST_FILE = YES;
				INFOPLIST_KEY_UIApplicationSceneManifest_Generation = YES;
				INFOPLIST_KEY_UIApplicationSupportsIndirectInputEvents = YES;
				INFOPLIST_KEY_UILaunchScreen_Generation = YES;
				INFOPLIST_KEY_UISupportedInterfaceOrientations_iPad = "UIInterfaceOrientationPortrait UIInterfaceOrientationPortraitUpsideDown UIInterfaceOrientationLandscapeLeft UIInterfaceOrientationLandscapeRight";
				INFOPLIST_KEY_UISupportedInterfaceOrientations_iPhone = "UIInterfaceOrientationPortrait UIInterfaceOrientationLandscapeLeft UIInterfaceOrientationLandscapeRight";
				LD_RUNPATH_SEARCH_PATHS = (
					"$(inherited)",
					"@executable_path/Frameworks",
				);
				MARKETING_VERSION = 0.0.1;
				PRODUCT_BUNDLE_IDENTIFIER = com.example.cove.Cove;
				PRODUCT_NAME = "$(TARGET_NAME)";
				SWIFT_EMIT_LOC_STRINGS = YES;
				SWIFT_VERSION = 5.0;
				TARGETED_DEVICE_FAMILY = "1,2";
			};
			name = Debug;
		};
		D0245F5C2C0F7B500042B447 /* Release */ = {
			isa = XCBuildConfiguration;
			buildSettings = {
				ASSETCATALOG_COMPILER_APPICON_NAME = AppIcon;
				ASSETCATALOG_COMPILER_GLOBAL_ACCENT_COLOR_NAME = AccentColor;
				CODE_SIGN_STYLE = Automatic;
				CURRENT_PROJECT_VERSION = 0.0.1.1;
				DEVELOPMENT_ASSET_PATHS = "\"Cove/Preview Content\"";
				DEVELOPMENT_TEAM = 4HFHA2C727;
				ENABLE_PREVIEWS = YES;
				GENERATE_INFOPLIST_FILE = YES;
				INFOPLIST_KEY_UIApplicationSceneManifest_Generation = YES;
				INFOPLIST_KEY_UIApplicationSupportsIndirectInputEvents = YES;
				INFOPLIST_KEY_UILaunchScreen_Generation = YES;
				INFOPLIST_KEY_UISupportedInterfaceOrientations_iPad = "UIInterfaceOrientationPortrait UIInterfaceOrientationPortraitUpsideDown UIInterfaceOrientationLandscapeLeft UIInterfaceOrientationLandscapeRight";
				INFOPLIST_KEY_UISupportedInterfaceOrientations_iPhone = "UIInterfaceOrientationPortrait UIInterfaceOrientationLandscapeLeft UIInterfaceOrientationLandscapeRight";
				LD_RUNPATH_SEARCH_PATHS = (
					"$(inherited)",
					"@executable_path/Frameworks",
				);
				MARKETING_VERSION = 0.0.1;
				PRODUCT_BUNDLE_IDENTIFIER = com.example.cove.Cove;
				PRODUCT_NAME = "$(TARGET_NAME)";
				SWIFT_EMIT_LOC_STRINGS = YES;
				SWIFT_VERSION = 5.0;
				TARGETED_DEVICE_FAMILY = "1,2";
			};
			name = Release;
		};
/* End XCBuildConfiguration section */

/* Begin XCConfigurationList section */
		D0245F472C0F7B4E0042B447 /* Build configuration list for PBXProject "Cove" */ = {
			isa = XCConfigurationList;
			buildConfigurations = (
				D0245F582C0F7B500042B447 /* Debug */,
				D0245F592C0F7B500042B447 /* Release */,
			);
			defaultConfigurationIsVisible = 0;
			defaultConfigurationName = Release;
		};
		D0245F5A2C0F7B500042B447 /* Build configuration list for PBXNativeTarget "Cove" */ = {
			isa = XCConfigurationList;
			buildConfigurations = (
				D0245F5B2C0F7B500042B447 /* Debug */,
				D0245F5C2C0F7B500042B447 /* Release */,
			);
			defaultConfigurationIsVisible = 0;
			defaultConfigurationName = Release;
		};
/* End XCConfigurationList section */

/* Begin XCRemoteSwiftPackageReference section */
		ACA4CBED2C2365430008F63E /* XCRemoteSwiftPackageReference "keychain-swift" */ = {
			isa = XCRemoteSwiftPackageReference;
			repositoryURL = "https://github.com/evgenyneu/keychain-swift";
			requirement = {
				kind = upToNextMajorVersion;
				minimumVersion = 24.0.0;
			};
		};
/* End XCRemoteSwiftPackageReference section */

/* Begin XCSwiftPackageProductDependency section */
		ACA4CBEE2C2365430008F63E /* KeychainSwift */ = {
			isa = XCSwiftPackageProductDependency;
			package = ACA4CBED2C2365430008F63E /* XCRemoteSwiftPackageReference "keychain-swift" */;
			productName = KeychainSwift;
		};
/* End XCSwiftPackageProductDependency section */
	};
	rootObject = D0245F442C0F7B4E0042B447 /* Project object */;
}
